
Microsoft Visual Studio Solution File, Format Version 12.00
# Visual Studio Version 17
VisualStudioVersion = 17.11.35222.181
MinimumVisualStudioVersion = 10.0.40219.1
Project("{9A19103F-16F7-4668-BE54-9A1E7A4F7556}") = "TeaTimeDemo", "TeaTimeDemo\TeaTimeDemo.csproj", "{1CE6736D-93DF-4E5B-8562-6191F658FF06}"
EndProject
Project("{FAE04EC0-301F-11D3-BF4B-00C04F79EFBC}") = "TeaTimeDemo.DataAccess", "TeaTimeDemo.DataAccess\TeaTimeDemo.DataAccess.csproj", "{69750C91-D8F2-47B2-B8D8-E597A14557A8}"
EndProject
Project("{FAE04EC0-301F-11D3-BF4B-00C04F79EFBC}") = "TeaTimeDemo.Models", "TeaTimeDemo.Models\TeaTimeDemo.Models.csproj", "{96EEE5FA-C537-4739-8D34-08681B2492E0}"
EndProject
Project("{FAE04EC0-301F-11D3-BF4B-00C04F79EFBC}") = "TeaTimeDemo.Utility", "TeaTimeDemo.Utility\TeaTimeDemo.Utility.csproj", "{BC44414C-4A3F-4BB9-8A6B-9D285BF26802}"
EndProject
Global
	GlobalSection(SolutionConfigurationPlatforms) = preSolution
		Debug|Any CPU = Debug|Any CPU
		Release|Any CPU = Release|Any CPU
	EndGlobalSection
	GlobalSection(ProjectConfigurationPlatforms) = postSolution
		{1CE6736D-93DF-4E5B-8562-6191F658FF06}.Debug|Any CPU.ActiveCfg = Debug|Any CPU
		{1CE6736D-93DF-4E5B-8562-6191F658FF06}.Debug|Any CPU.Build.0 = Debug|Any CPU
		{1CE6736D-93DF-4E5B-8562-6191F658FF06}.Release|Any CPU.ActiveCfg = Release|Any CPU
		{1CE6736D-93DF-4E5B-8562-6191F658FF06}.Release|Any CPU.Build.0 = Release|Any CPU
		{69750C91-D8F2-47B2-B8D8-E597A14557A8}.Debug|Any CPU.ActiveCfg = Debug|Any CPU
		{69750C91-D8F2-47B2-B8D8-E597A14557A8}.Debug|Any CPU.Build.0 = Debug|Any CPU
		{69750C91-D8F2-47B2-B8D8-E597A14557A8}.Release|Any CPU.ActiveCfg = Release|Any CPU
		{69750C91-D8F2-47B2-B8D8-E597A14557A8}.Release|Any CPU.Build.0 = Release|Any CPU
		{96EEE5FA-C537-4739-8D34-08681B2492E0}.Debug|Any CPU.ActiveCfg = Debug|Any CPU
		{96EEE5FA-C537-4739-8D34-08681B2492E0}.Debug|Any CPU.Build.0 = Debug|Any CPU
		{96EEE5FA-C537-4739-8D34-08681B2492E0}.Release|Any CPU.ActiveCfg = Release|Any CPU
		{96EEE5FA-C537-4739-8D34-08681B2492E0}.Release|Any CPU.Build.0 = Release|Any CPU
		{BC44414C-4A3F-4BB9-8A6B-9D285BF26802}.Debug|Any CPU.ActiveCfg = Debug|Any CPU
		{BC44414C-4A3F-4BB9-8A6B-9D285BF26802}.Debug|Any CPU.Build.0 = Debug|Any CPU
		{BC44414C-4A3F-4BB9-8A6B-9D285BF26802}.Release|Any CPU.ActiveCfg = Release|Any CPU
		{BC44414C-4A3F-4BB9-8A6B-9D285BF26802}.Release|Any CPU.Build.0 = Release|Any CPU
	EndGlobalSection
	GlobalSection(SolutionProperties) = preSolution
		HideSolutionNode = FALSE
	EndGlobalSection
	GlobalSection(ExtensibilityGlobals) = postSolution
		SolutionGuid = {8D28F2C0-169E-4E82-BA8B-16C744793AAE}
	EndGlobalSection
EndGlobal
